lockfileVersion: '9.0'

settings:
  autoInstallPeers: true
  excludeLinksFromLockfile: false

importers:

  .: {}

  apps/simple-app: {}

  packages/github-agent:
    dependencies:
      '@temporalio/activity':
        specifier: ^1.11.5
        version: 1.11.5
      '@temporalio/workflow':
        specifier: ^1.11.5
        version: 1.11.5
    devDependencies:
      '@types/node':
        specifier: ^22.10.2
        version: 22.10.2
      '@types/source-map':
        specifier: ^0.5.2
        version: 0.5.7
      typescript:
        specifier: ^5.7.2
        version: 5.7.2

packages:

  '@protobufjs/aspromise@1.1.2':
    resolution: {integrity: sha512-j+gKExEuLmKwvz3OgROXtrJ2UG2x8Ch2YZUxahh+s1F2HZ+wAceUNLkvy6zKCPVRkU++ZWQrdxsUeQXmcg4uoQ==}

  '@protobufjs/base64@1.1.2':
    resolution: {integrity: sha512-AZkcAA5vnN/v4PDqKyMR5lx7hZttPDgClv83E//FMNhR2TMcLUhfRUBHCmSl0oi9zMgDDqRUJkSxO3wm85+XLg==}

  '@protobufjs/codegen@2.0.4':
    resolution: {integrity: sha512-YyFaikqM5sH0ziFZCN3xDC7zeGaB/d0IUb9CATugHWbd1FRFwWwt4ld4OYMPWu5a3Xe01mGAULCdqhMlPl29Jg==}

  '@protobufjs/eventemitter@1.1.0':
    resolution: {integrity: sha512-j9ednRT81vYJ9OfVuXG6ERSTdEL1xVsNgqpkxMsbIabzSo3goCjDIveeGv5d03om39ML71RdmrGNjG5SReBP/Q==}

  '@protobufjs/fetch@1.1.0':
    resolution: {integrity: sha512-lljVXpqXebpsijW71PZaCYeIcE5on1w5DlQy5WH6GLbFryLUrBD4932W/E2BSpfRJWseIL4v/KPgBFxDOIdKpQ==}

  '@protobufjs/float@1.0.2':
    resolution: {integrity: sha512-Ddb+kVXlXst9d+R9PfTIxh1EdNkgoRe5tOX6t01f1lYWOvJnSPDBlG241QLzcyPdoNTsblLUdujGSE4RzrTZGQ==}

  '@protobufjs/inquire@1.1.0':
    resolution: {integrity: sha512-kdSefcPdruJiFMVSbn801t4vFK7KB/5gd2fYvrxhuJYg8ILrmn9SKSX2tZdV6V+ksulWqS7aXjBcRXl3wHoD9Q==}

  '@protobufjs/path@1.1.2':
    resolution: {integrity: sha512-6JOcJ5Tm08dOHAbdR3GrvP+yUUfkjG5ePsHYczMFLq3ZmMkAD98cDgcT2iA1lJ9NVwFd4tH/iSSoe44YWkltEA==}

  '@protobufjs/pool@1.1.0':
    resolution: {integrity: sha512-0kELaGSIDBKvcgS4zkjz1PeddatrjYcmMWOlAuAPwAeccUrPHdUqo/J6LiymHHEiJT5NrF1UVwxY14f+fy4WQw==}

  '@protobufjs/utf8@1.1.0':
    resolution: {integrity: sha512-Vvn3zZrhQZkkBE8LSuW3em98c0FwgO4nxzv6OdSxPKJIEKY2bGbHn+mhGIPerzI4twdxaP8/0+06HBpwf345Lw==}

  '@temporalio/activity@1.11.5':
    resolution: {integrity: sha512-IHvaADrKhxYyhuybnMt5JX3rxK94DstENwO2jq5qjsS2p5jr1qjU72pRDUSXAha1endqgsyjqIyxqrEOsqzuyg==}

  '@temporalio/common@1.11.5':
    resolution: {integrity: sha512-6cgGTAT+jSKKwCPOoUDIseJuDroP7cEIAX/pYpNBRGvfj+lpU8GitSVsPEZTVoMQ400otzBa1n80aH8bnOLVTw==}

  '@temporalio/proto@1.11.5':
    resolution: {integrity: sha512-LjRGQdLRpRxDp2NSyNyhCp7JLaUlMY2T+hAeGfueR5cOVZxHXTO8TXnnjimi0UM1knyA6sW3yNJCNieKlCcASg==}

  '@temporalio/workflow@1.11.5':
    resolution: {integrity: sha512-U0kGoQ6bttEiT59km+cpeSxVr2Bq8ZHmlurP2N+9nQdxa10RsMqrp5YQrJQfg7KrfrYbeY1HyJBQ7Ljy1FrOtQ==}

  '@types/node@22.10.2':
    resolution: {integrity: sha512-Xxr6BBRCAOQixvonOye19wnzyDiUtTeqldOOmj3CkeblonbccA12PFwlufvRdrpjXxqnmUaeiU5EOA+7s5diUQ==}

  '@types/source-map@0.5.7':
    resolution: {integrity: sha512-LrnsgZIfJaysFkv9rRJp4/uAyqw87oVed3s1hhF83nwbo9c7MG9g5DqR0seHP+lkX4ldmMrVolPjQSe2ZfD0yA==}
    deprecated: This is a stub types definition for source-map (https://github.com/mozilla/source-map). source-map provides its own type definitions, so you don't need @types/source-map installed!

  abort-controller@3.0.0:
    resolution: {integrity: sha512-h8lQ8tacZYnR3vNQTgibj+tODHI5/+l06Au2Pcriv/Gmet0eaj4TwWH41sO9wnHDiQsEj19q0drzdWdeAHtweg==}
    engines: {node: '>=6.5'}

  event-target-shim@5.0.1:
    resolution: {integrity: sha512-i/2XbnSz/uxRCU6+NdVJgKWDTM427+MqYbkQzD321DuCQJUqOuJKIA0IM2+W2xtYHdKOmZ4dR6fExsd4SXL+WQ==}
    engines: {node: '>=6'}

  long@5.2.3:
    resolution: {integrity: sha512-lcHwpNoggQTObv5apGNCTdJrO69eHOZMi4BNC+rTLER8iHAqGrUVeLh/irVIM7zTw2bOXA8T6uNPeujwOLg/2Q==}

  ms@3.0.0-canary.1:
    resolution: {integrity: sha512-kh8ARjh8rMN7Du2igDRO9QJnqCb2xYTJxyQYK7vJJS4TvLLmsbyhiKpSW+t+y26gyOyMd0riphX0GeWKU3ky5g==}
    engines: {node: '>=12.13'}

  proto3-json-serializer@2.0.2:
    resolution: {integrity: sha512-SAzp/O4Yh02jGdRc+uIrGoe87dkN/XtwxfZ4ZyafJHymd79ozp5VG5nyZ7ygqPM5+cpLDjjGnYFUkngonyDPOQ==}
    engines: {node: '>=14.0.0'}

  protobufjs@7.4.0:
    resolution: {integrity: sha512-mRUWCc3KUU4w1jU8sGxICXH/gNS94DvI1gxqDvBzhj1JpcsimQkYiOJfwsPUykUI5ZaspFbSgmBLER8IrQ3tqw==}
    engines: {node: '>=12.0.0'}

  source-map@0.7.4:
    resolution: {integrity: sha512-l3BikUxvPOcn5E74dZiq5BGsTb5yEwhaTSzccU6t4sDOH8NWJCstKO5QT2CvtFoK6F0saL7p9xHAqHOlCPJygA==}
    engines: {node: '>= 8'}

  typescript@5.7.2:
    resolution: {integrity: sha512-i5t66RHxDvVN40HfDd1PsEThGNnlMCMT3jMUuoh9/0TaqWevNontacunWyN02LA9/fIbEWlcHZcgTKb9QoaLfg==}
    engines: {node: '>=14.17'}
    hasBin: true

  undici-types@6.20.0:
    resolution: {integrity: sha512-Ny6QZ2Nju20vw1SRHe3d9jVu6gJ+4e3+MMpqu7pqE5HT6WsTSlce++GQmK5UXS8mzV8DSYHrQH+Xrf2jVcuKNg==}

snapshots:

  '@protobufjs/aspromise@1.1.2': {}

  '@protobufjs/base64@1.1.2': {}

  '@protobufjs/codegen@2.0.4': {}

  '@protobufjs/eventemitter@1.1.0': {}

  '@protobufjs/fetch@1.1.0':
    dependencies:
      '@protobufjs/aspromise': 1.1.2
      '@protobufjs/inquire': 1.1.0

  '@protobufjs/float@1.0.2': {}

  '@protobufjs/inquire@1.1.0': {}

  '@protobufjs/path@1.1.2': {}

  '@protobufjs/pool@1.1.0': {}

  '@protobufjs/utf8@1.1.0': {}

  '@temporalio/activity@1.11.5':
    dependencies:
      '@temporalio/common': 1.11.5
      abort-controller: 3.0.0

  '@temporalio/common@1.11.5':
    dependencies:
      '@temporalio/proto': 1.11.5
      long: 5.2.3
      ms: 3.0.0-canary.1
      proto3-json-serializer: 2.0.2

  '@temporalio/proto@1.11.5':
    dependencies:
      long: 5.2.3
      protobufjs: 7.4.0

  '@temporalio/workflow@1.11.5':
    dependencies:
      '@temporalio/common': 1.11.5
      '@temporalio/proto': 1.11.5

  '@types/node@22.10.2':
    dependencies:
      undici-types: 6.20.0

  '@types/source-map@0.5.7':
    dependencies:
      source-map: 0.7.4

  abort-controller@3.0.0:
    dependencies:
      event-target-shim: 5.0.1

  event-target-shim@5.0.1: {}

  long@5.2.3: {}

  ms@3.0.0-canary.1: {}

  proto3-json-serializer@2.0.2:
    dependencies:
      protobufjs: 7.4.0

  protobufjs@7.4.0:
    dependencies:
      '@protobufjs/aspromise': 1.1.2
      '@protobufjs/base64': 1.1.2
      '@protobufjs/codegen': 2.0.4
      '@protobufjs/eventemitter': 1.1.0
      '@protobufjs/fetch': 1.1.0
      '@protobufjs/float': 1.0.2
      '@protobufjs/inquire': 1.1.0
      '@protobufjs/path': 1.1.2
      '@protobufjs/pool': 1.1.0
      '@protobufjs/utf8': 1.1.0
      '@types/node': 22.10.2
      long: 5.2.3

  source-map@0.7.4: {}

  typescript@5.7.2: {}

  undici-types@6.20.0: {}
